
Microsoft Visual Studio Solution File, Format Version 12.00
# Visual Studio Version 16
VisualStudioVersion = 16.0.31402.337
MinimumVisualStudioVersion = 10.0.40219.1
Project("{FAE04EC0-301F-11D3-BF4B-00C04F79EFBC}") = "SchoolApi", "SchoolApi.csproj", "{58685390-3A9E-473C-BD7C-8836B11CF276}"
EndProject
Global
	GlobalSection(SolutionConfigurationPlatforms) = preSolution
		Debug|Any CPU = Debug|Any CPU
		Release|Any CPU = Release|Any CPU
	EndGlobalSection
	GlobalSection(ProjectConfigurationPlatforms) = postSolution
		{58685390-3A9E-473C-BD7C-8836B11CF276}.Debug|Any CPU.ActiveCfg = Debug|Any CPU
		{58685390-3A9E-473C-BD7C-8836B11CF276}.Debug|Any CPU.Build.0 = Debug|Any CPU
		{58685390-3A9E-473C-BD7C-8836B11CF276}.Release|Any CPU.ActiveCfg = Release|Any CPU
		{58685390-3A9E-473C-BD7C-8836B11CF276}.Release|Any CPU.Build.0 = Release|Any CPU
	EndGlobalSection
	GlobalSection(SolutionProperties) = preSolution
		HideSolutionNode = FALSE
	EndGlobalSection
	GlobalSection(ExtensibilityGlobals) = postSolution
		SolutionGuid = {FB6E0CC7-618C-426A-BBC0-7DCB69A6E45E}
	EndGlobalSection
EndGlobal
